
Microsoft Visual Studio Solution File, Format Version 12.00
# Visual Studio 15
VisualStudioVersion = 15.0.26430.6
MinimumVisualStudioVersion = 10.0.40219.1
Project("{FAE04EC0-301F-11D3-BF4B-00C04F79EFBC}") = "WatchTool", "WatchTool\WatchTool.csproj", "{795D505B-93A2-4028-830C-61F962546620}"
EndProject
Project("{FAE04EC0-301F-11D3-BF4B-00C04F79EFBC}") = "WatchToolLib", "..\WatchToolLib\WatchToolLib\WatchToolLib\WatchToolLib.csproj", "{EE859C0E-2E0C-4BAF-BD3C-0A3FB9C82654}"
EndProject
Global
	GlobalSection(SolutionConfigurationPlatforms) = preSolution
		Debug|Any CPU = Debug|Any CPU
		Release|Any CPU = Release|Any CPU
	EndGlobalSection
	GlobalSection(ProjectConfigurationPlatforms) = postSolution
		{795D505B-93A2-4028-830C-61F962546620}.Debug|Any CPU.ActiveCfg = Debug|Any CPU
		{795D505B-93A2-4028-830C-61F962546620}.Debug|Any CPU.Build.0 = Debug|Any CPU
		{795D505B-93A2-4028-830C-61F962546620}.Release|Any CPU.ActiveCfg = Release|Any CPU
		{795D505B-93A2-4028-830C-61F962546620}.Release|Any CPU.Build.0 = Release|Any CPU
		{EE859C0E-2E0C-4BAF-BD3C-0A3FB9C82654}.Debug|Any CPU.ActiveCfg = Debug|Any CPU
		{EE859C0E-2E0C-4BAF-BD3C-0A3FB9C82654}.Debug|Any CPU.Build.0 = Debug|Any CPU
		{EE859C0E-2E0C-4BAF-BD3C-0A3FB9C82654}.Release|Any CPU.ActiveCfg = Release|Any CPU
		{EE859C0E-2E0C-4BAF-BD3C-0A3FB9C82654}.Release|Any CPU.Build.0 = Release|Any CPU
	EndGlobalSection
	GlobalSection(SolutionProperties) = preSolution
		HideSolutionNode = FALSE
	EndGlobalSection
EndGlobal
